{
  "name": "demo",
  "lockfileVersion": 3,
  "packages": {
    "": {
      "name": "demo",
      "version": "1.0.0"
    },
    "node_modules/@art-ws/config-eslint": {
      "version": "2.0.5"
    },
    "node_modules/html-to-base64-image": {
      "version": "1.0.2"
    },
    "node_modules/json-rules-engine-simplified": {
      "version": "0.2.2"
    }
  }
}
